# This file is automatically @generated by Cargo.
# It is not intended for manual editing.
[[package]]
name = "byteorder"
version = "1.4.2"
source = "registry+https://github.com/rust-lang/crates.io-index"
checksum = "ae44d1a3d5a19df61dd0c8beb138458ac2a53a7ac09eba97d55592540004306b"

[[package]]
name = "dns-parser"
version = "0.8.0"
source = "registry+https://github.com/rust-lang/crates.io-index"
checksum = "c4d33be9473d06f75f58220f71f7a9317aca647dc061dbd3c361b0bef505fbea"
dependencies = [
 "byteorder",
 "quick-error",
]

[[package]]
name = "etherparse"
version = "0.9.0"
source = "registry+https://github.com/rust-lang/crates.io-index"
checksum = "2fa20922281f9ee5ffcda45e80d56085829279f1270f79fbabc39809a4354807"
dependencies = [
 "byteorder",
]

[[package]]
name = "firewall"
version = "0.0.1"
dependencies = [
 "dns-parser",
 "etherparse",
 "glob",
 "nfq",
]

[[package]]
name = "glob"
version = "0.3.0"
source = "registry+https://github.com/rust-lang/crates.io-index"
checksum = "9b919933a397b79c37e33b77bb2aa3dc8eb6e165ad809e58ff75bc7db2e34574"

[[package]]
name = "libc"
version = "0.2.86"
source = "registry+https://github.com/rust-lang/crates.io-index"
checksum = "b7282d924be3275cec7f6756ff4121987bc6481325397dde6ba3e7802b1a8b1c"

[[package]]
name = "nfq"
version = "0.2.4"
source = "registry+https://github.com/rust-lang/crates.io-index"
checksum = "dcf3fd1239e9f2acc4d80da3ecb17f95c8714fb07cddbf64abb8bcc339ac7a4b"
dependencies = [
 "libc",
]

[[package]]
name = "quick-error"
version = "1.2.3"
source = "registry+https://github.com/rust-lang/crates.io-index"
checksum = "a1d01941d82fa2ab50be1e79e6714289dd7cde78eba4c074bc5a4374f650dfe0"
